
Microsoft Visual Studio Solution File, Format Version 12.00
# Visual Studio 15
VisualStudioVersion = 15.0.26430.16
MinimumVisualStudioVersion = 10.0.40219.1
Project("{E24C65DC-7377-472B-9ABA-BC803B73C61A}") = "thiagomb.com", ".", "{AAE85CA3-D6B2-4AC3-A5C4-9455D8F32E4B}"
	ProjectSection(WebsiteProperties) = preProject
		TargetFrameworkMoniker = ".NETFramework,Version%3Dv4.0"
		Debug.AspNetCompiler.VirtualPath = "/localhost_10325"
		Debug.AspNetCompiler.PhysicalPath = "D:\Workspace\thiagomb.com\"
		Debug.AspNetCompiler.TargetPath = "PrecompiledWeb\localhost_10325\"
		Debug.AspNetCompiler.Updateable = "true"
		Debug.AspNetCompiler.ForceOverwrite = "true"
		Debug.AspNetCompiler.FixedNames = "false"
		Debug.AspNetCompiler.Debug = "True"
		Release.AspNetCompiler.VirtualPath = "/localhost_10325"
		Release.AspNetCompiler.PhysicalPath = "D:\Workspace\thiagomb.com\"
		Release.AspNetCompiler.TargetPath = "PrecompiledWeb\localhost_10325\"
		Release.AspNetCompiler.Updateable = "true"
		Release.AspNetCompiler.ForceOverwrite = "true"
		Release.AspNetCompiler.FixedNames = "false"
		Release.AspNetCompiler.Debug = "False"
		VWDPort = "10325"
	EndProjectSection
EndProject
Global
	GlobalSection(SolutionConfigurationPlatforms) = preSolution
		Debug|Any CPU = Debug|Any CPU
	EndGlobalSection
	GlobalSection(ProjectConfigurationPlatforms) = postSolution
		{AAE85CA3-D6B2-4AC3-A5C4-9455D8F32E4B}.Debug|Any CPU.ActiveCfg = Debug|Any CPU
		{AAE85CA3-D6B2-4AC3-A5C4-9455D8F32E4B}.Debug|Any CPU.Build.0 = Debug|Any CPU
	EndGlobalSection
	GlobalSection(SolutionProperties) = preSolution
		HideSolutionNode = FALSE
	EndGlobalSection
EndGlobal
